
Microsoft Visual Studio Solution File, Format Version 12.00
# Visual Studio 15
VisualStudioVersion = 15.0.27428.2005
MinimumVisualStudioVersion = 10.0.40219.1
Project("{8BC9CEB8-8B4A-11D0-8D11-00A0C91BC942}") = "pr", "pr\pr.vcxproj", "{02859D78-7D2D-4564-8D44-F7B75FDF5395}"
EndProject
Global
	GlobalSection(SolutionConfigurationPlatforms) = preSolution
		Debug|x64 = Debug|x64
		Debug|x86 = Debug|x86
		Release|x64 = Release|x64
		Release|x86 = Release|x86
	EndGlobalSection
	GlobalSection(ProjectConfigurationPlatforms) = postSolution
		{02859D78-7D2D-4564-8D44-F7B75FDF5395}.Debug|x64.ActiveCfg = Debug|x64
		{02859D78-7D2D-4564-8D44-F7B75FDF5395}.Debug|x64.Build.0 = Debug|x64
		{02859D78-7D2D-4564-8D44-F7B75FDF5395}.Debug|x86.ActiveCfg = Debug|Win32
		{02859D78-7D2D-4564-8D44-F7B75FDF5395}.Debug|x86.Build.0 = Debug|Win32
		{02859D78-7D2D-4564-8D44-F7B75FDF5395}.Release|x64.ActiveCfg = Release|x64
		{02859D78-7D2D-4564-8D44-F7B75FDF5395}.Release|x64.Build.0 = Release|x64
		{02859D78-7D2D-4564-8D44-F7B75FDF5395}.Release|x86.ActiveCfg = Release|Win32
		{02859D78-7D2D-4564-8D44-F7B75FDF5395}.Release|x86.Build.0 = Release|Win32
	EndGlobalSection
	GlobalSection(SolutionProperties) = preSolution
		HideSolutionNode = FALSE
	EndGlobalSection
	GlobalSection(ExtensibilityGlobals) = postSolution
		SolutionGuid = {097C94DB-AE19-4468-8C5F-19710C77C954}
	EndGlobalSection
EndGlobal
